// !$*UTF8*$!
{
	archiveVersion = 1;
	classes = {
	};
	objectVersion = 46;
	objects = {

/* Begin PBXBuildFile section */
		ACF917291748179C00A2D1D9 /* UIKit.framework in Frameworks */ = {isa = PBXBuildFile; fileRef = ACF917281748179C00A2D1D9 /* UIKit.framework */; };
		ACF9172B1748179C00A2D1D9 /* Foundation.framework in Frameworks */ = {isa = PBXBuildFile; fileRef = ACF9172A1748179C00A2D1D9 /* Foundation.framework */; };
		ACF9172D1748179C00A2D1D9 /* CoreGraphics.framework in Frameworks */ = {isa = PBXBuildFile; fileRef = ACF9172C1748179C00A2D1D9 /* CoreGraphics.framework */; };
		ACF917331748179C00A2D1D9 /* InfoPlist.strings in Resources */ = {isa = PBXBuildFile; fileRef = ACF917311748179C00A2D1D9 /* InfoPlist.strings */; };
		ACF917351748179C00A2D1D9 /* main.m in Sources */ = {isa = PBXBuildFile; fileRef = ACF917341748179C00A2D1D9 /* main.m */; };
		ACF917391748179C00A2D1D9 /* ImageAppDelegate.m in Sources */ = {isa = PBXBuildFile; fileRef = ACF917381748179C00A2D1D9 /* ImageAppDelegate.m */; };
		ACF9173B1748179C00A2D1D9 /* Default.png in Resources */ = {isa = PBXBuildFile; fileRef = ACF9173A1748179C00A2D1D9 /* Default.png */; };
		ACF9173D1748179C00A2D1D9 /* Default@2x.png in Resources */ = {isa = PBXBuildFile; fileRef = ACF9173C1748179C00A2D1D9 /* Default@2x.png */; };
		ACF9173F1748179C00A2D1D9 /* Default-568h@2x.png in Resources */ = {isa = PBXBuildFile; fileRef = ACF9173E1748179C00A2D1D9 /* Default-568h@2x.png */; };
		ACF917421748179C00A2D1D9 /* MainStoryboard.storyboard in Resources */ = {isa = PBXBuildFile; fileRef = ACF917401748179C00A2D1D9 /* MainStoryboard.storyboard */; };
		ACF917451748179C00A2D1D9 /* ImageViewController.m in Sources */ = {isa = PBXBuildFile; fileRef = ACF917441748179C00A2D1D9 /* ImageViewController.m */; };
/* End PBXBuildFile section */

/* Begin PBXFileReference section */
		ACF917251748179C00A2D1D9 /* Image Scroller.app */ = {isa = PBXFileReference; explicitFileType = wrapper.application; includeInIndex = 0; path = "Image Scroller.app"; sourceTree = BUILT_PRODUCTS_DIR; };
		ACF917281748179C00A2D1D9 /* UIKit.framework */ = {isa = PBXFileReference; lastKnownFileType = wrapper.framework; name = UIKit.framework; path = System/Library/Frameworks/UIKit.framework; sourceTree = SDKROOT; };
		ACF9172A1748179C00A2D1D9 /* Foundation.framework */ = {isa = PBXFileReference; lastKnownFileType = wrapper.framework; name = Foundation.framework; path = System/Library/Frameworks/Foundation.framework; sourceTree = SDKROOT; };
		ACF9172C1748179C00A2D1D9 /* CoreGraphics.framework */ = {isa = PBXFileReference; lastKnownFileType = wrapper.framework; name = CoreGraphics.framework; path = System/Library/Frameworks/CoreGraphics.framework; sourceTree = SDKROOT; };
		ACF917301748179C00A2D1D9 /* Image Scroller-Info.plist */ = {isa = PBXFileReference; lastKnownFileType = text.plist.xml; path = "Image Scroller-Info.plist"; sourceTree = "<group>"; };
		ACF917321748179C00A2D1D9 /* en */ = {isa = PBXFileReference; lastKnownFileType = text.plist.strings; name = en; path = en.lproj/InfoPlist.strings; sourceTree = "<group>"; };
		ACF917341748179C00A2D1D9 /* main.m */ = {isa = PBXFileReference; lastKnownFileType = sourcecode.c.objc; path = main.m; sourceTree = "<group>"; };
		ACF917361748179C00A2D1D9 /* Image Scroller-Prefix.pch */ = {isa = PBXFileReference; lastKnownFileType = sourcecode.c.h; path = "Image Scroller-Prefix.pch"; sourceTree = "<group>"; };
		ACF917371748179C00A2D1D9 /* ImageAppDelegate.h */ = {isa = PBXFileReference; lastKnownFileType = sourcecode.c.h; path = ImageAppDelegate.h; sourceTree = "<group>"; };
		ACF917381748179C00A2D1D9 /* ImageAppDelegate.m */ = {isa = PBXFileReference; lastKnownFileType = sourcecode.c.objc; path = ImageAppDelegate.m; sourceTree = "<group>"; };
		ACF9173A1748179C00A2D1D9 /* Default.png */ = {isa = PBXFileReference; lastKnownFileType = image.png; path = Default.png; sourceTree = "<group>"; };
		ACF9173C1748179C00A2D1D9 /* Default@2x.png */ = {isa = PBXFileReference; lastKnownFileType = image.png; path = "Default@2x.png"; sourceTree = "<group>"; };
		ACF9173E1748179C00A2D1D9 /* Default-568h@2x.png */ = {isa = PBXFileReference; lastKnownFileType = image.png; path = "Default-568h@2x.png"; sourceTree = "<group>"; };
		ACF917411748179C00A2D1D9 /* en */ = {isa = PBXFileReference; lastKnownFileType = file.storyboard; name = en; path = en.lproj/MainStoryboard.storyboard; sourceTree = "<group>"; };
		ACF917431748179C00A2D1D9 /* ImageViewController.h */ = {isa = PBXFileReference; lastKnownFileType = sourcecode.c.h; path = ImageViewController.h; sourceTree = "<group>"; };
		ACF917441748179C00A2D1D9 /* ImageViewController.m */ = {isa = PBXFileReference; lastKnownFileType = sourcecode.c.objc; path = ImageViewController.m; sourceTree = "<group>"; };
/* End PBXFileReference section */

/* Begin PBXFrameworksBuildPhase section */
		ACF917221748179C00A2D1D9 /* Frameworks */ = {
			isa = PBXFrameworksBuildPhase;
			buildActionMask = 2147483647;
			files = (
				ACF917291748179C00A2D1D9 /* UIKit.framework in Frameworks */,
				ACF9172B1748179C00A2D1D9 /* Foundation.framework in Frameworks */,
				ACF9172D1748179C00A2D1D9 /* CoreGraphics.framework in Frameworks */,
			);
			runOnlyForDeploymentPostprocessing = 0;
		};
/* End PBXFrameworksBuildPhase section */

/* Begin PBXGroup section */
		ACF9171C1748179C00A2D1D9 = {
			isa = PBXGroup;
			children = (
				ACF9172E1748179C00A2D1D9 /* Image Scroller */,
				ACF917271748179C00A2D1D9 /* Frameworks */,
				ACF917261748179C00A2D1D9 /* Products */,
			);
			sourceTree = "<group>";
		};
		ACF917261748179C00A2D1D9 /* Products */ = {
			isa = PBXGroup;
			children = (
				ACF917251748179C00A2D1D9 /* Image Scroller.app */,
			);
			name = Products;
			sourceTree = "<group>";
		};
		ACF917271748179C00A2D1D9 /* Frameworks */ = {
			isa = PBXGroup;
			children = (
				ACF917281748179C00A2D1D9 /* UIKit.framework */,
				ACF9172A1748179C00A2D1D9 /* Foundation.framework */,
				ACF9172C1748179C00A2D1D9 /* CoreGraphics.framework */,
			);
			name = Frameworks;
			sourceTree = "<group>";
		};
		ACF9172E1748179C00A2D1D9 /* Image Scroller */ = {
			isa = PBXGroup;
			children = (
				ACF917371748179C00A2D1D9 /* ImageAppDelegate.h */,
				ACF917381748179C00A2D1D9 /* ImageAppDelegate.m */,
				ACF917401748179C00A2D1D9 /* MainStoryboard.storyboard */,
				ACF917431748179C00A2D1D9 /* ImageViewController.h */,
				ACF917441748179C00A2D1D9 /* ImageViewController.m */,
				ACF9172F1748179C00A2D1D9 /* Supporting Files */,
			);
			path = "Image Scroller";
			sourceTree = "<group>";
		};
		ACF9172F1748179C00A2D1D9 /* Supporting Files */ = {
			isa = PBXGroup;
			children = (
				ACF917301748179C00A2D1D9 /* Image Scroller-Info.plist */,
				ACF917311748179C00A2D1D9 /* InfoPlist.strings */,
				ACF917341748179C00A2D1D9 /* main.m */,
				ACF917361748179C00A2D1D9 /* Image Scroller-Prefix.pch */,
				ACF9173A1748179C00A2D1D9 /* Default.png */,
				ACF9173C1748179C00A2D1D9 /* Default@2x.png */,
				ACF9173E1748179C00A2D1D9 /* Default-568h@2x.png */,
			);
			name = "Supporting Files";
			sourceTree = "<group>";
		};
/* End PBXGroup section */

/* Begin PBXNativeTarget section */
		ACF917241748179C00A2D1D9 /* Image Scroller */ = {
			isa = PBXNativeTarget;
			buildConfigurationList = ACF917481748179C00A2D1D9 /* Build configuration list for PBXNativeTarget "Image Scroller" */;
			buildPhases = (
				ACF917211748179C00A2D1D9 /* Sources */,
				ACF917221748179C00A2D1D9 /* Frameworks */,
				ACF917231748179C00A2D1D9 /* Resources */,
			);
			buildRules = (
			);
			dependencies = (
			);
			name = "Image Scroller";
			productName = "Image Scroller";
			productReference = ACF917251748179C00A2D1D9 /* Image Scroller.app */;
			productType = "com.apple.product-type.application";
		};
/* End PBXNativeTarget section */

/* Begin PBXProject section */
		ACF9171D1748179C00A2D1D9 /* Project object */ = {
			isa = PBXProject;
			attributes = {
				CLASSPREFIX = Image;
				LastUpgradeCheck = 0460;
				ORGANIZATIONNAME = "Glass Cube";
			};
			buildConfigurationList = ACF917201748179C00A2D1D9 /* Build configuration list for PBXProject "Image Scroller" */;
			compatibilityVersion = "Xcode 3.2";
			developmentRegion = English;
			hasScannedForEncodings = 0;
			knownRegions = (
				en,
			);
			mainGroup = ACF9171C1748179C00A2D1D9;
			productRefGroup = ACF917261748179C00A2D1D9 /* Products */;
			projectDirPath = "";
			projectRoot = "";
			targets = (
				ACF917241748179C00A2D1D9 /* Image Scroller */,
			);
		};
/* End PBXProject section */

/* Begin PBXResourcesBuildPhase section */
		ACF917231748179C00A2D1D9 /* Resources */ = {
			isa = PBXResourcesBuildPhase;
			buildActionMask = 2147483647;
			files = (
				ACF917331748179C00A2D1D9 /* InfoPlist.strings in Resources */,
				ACF9173B1748179C00A2D1D9 /* Default.png in Resources */,
				ACF9173D1748179C00A2D1D9 /* Default@2x.png in Resources */,
				ACF9173F1748179C00A2D1D9 /* Default-568h@2x.png in Resources */,
				ACF917421748179C00A2D1D9 /* MainStoryboard.storyboard in Resources */,
			);
			runOnlyForDeploymentPostprocessing = 0;
		};
/* End PBXResourcesBuildPhase section */

/* Begin PBXSourcesBuildPhase section */
		ACF917211748179C00A2D1D9 /* Sources */ = {
			isa = PBXSourcesBuildPhase;
			buildActionMask = 2147483647;
			files = (
				ACF917351748179C00A2D1D9 /* main.m in Sources */,
				ACF917391748179C00A2D1D9 /* ImageAppDelegate.m in Sources */,
				ACF917451748179C00A2D1D9 /* ImageViewController.m in Sources */,
			);
			runOnlyForDeploymentPostprocessing = 0;
		};
/* End PBXSourcesBuildPhase section */

/* Begin PBXVariantGroup section */
		ACF917311748179C00A2D1D9 /* InfoPlist.strings */ = {
			isa = PBXVariantGroup;
			children = (
				ACF917321748179C00A2D1D9 /* en */,
			);
			name = InfoPlist.strings;
			sourceTree = "<group>";
		};
		ACF917401748179C00A2D1D9 /* MainStoryboard.storyboard */ = {
			isa = PBXVariantGroup;
			children = (
				ACF917411748179C00A2D1D9 /* en */,
			);
			name = MainStoryboard.storyboard;
			sourceTree = "<group>";
		};
/* End PBXVariantGroup section */

/* Begin XCBuildConfiguration section */
		ACF917461748179C00A2D1D9 /* Debug */ = {
			isa = XCBuildConfiguration;
			buildSettings = {
				ALWAYS_SEARCH_USER_PATHS = NO;
				CLANG_CXX_LANGUAGE_STANDARD = "gnu++0x";
				CLANG_CXX_LIBRARY = "libc++";
				CLANG_ENABLE_OBJC_ARC = YES;
				CLANG_WARN_CONSTANT_CONVERSION = YES;
				CLANG_WARN_EMPTY_BODY = YES;
				CLANG_WARN_ENUM_CONVERSION = YES;
				CLANG_WARN_INT_CONVERSION = YES;
				CLANG_WARN__DUPLICATE_METHOD_MATCH = YES;
				"CODE_SIGN_IDENTITY[sdk=iphoneos*]" = "iPhone Developer";
				COPY_PHASE_STRIP = NO;
				GCC_C_LANGUAGE_STANDARD = gnu99;
				GCC_DYNAMIC_NO_PIC = NO;
				GCC_OPTIMIZATION_LEVEL = 0;
				GCC_PREPROCESSOR_DEFINITIONS = (
					"DEBUG=1",
					"$(inherited)",
				);
				GCC_SYMBOLS_PRIVATE_EXTERN = NO;
				GCC_WARN_ABOUT_RETURN_TYPE = YES;
				GCC_WARN_UNINITIALIZED_AUTOS = YES;
				GCC_WARN_UNUSED_VARIABLE = YES;
				IPHONEOS_DEPLOYMENT_TARGET = 6.1;
				ONLY_ACTIVE_ARCH = YES;
				SDKROOT = iphoneos;
			};
			name = Debug;
		};
		ACF917471748179C00A2D1D9 /* Release */ = {
			isa = XCBuildConfiguration;
			buildSettings = {
				ALWAYS_SEARCH_USER_PATHS = NO;
				CLANG_CXX_LANGUAGE_STANDARD = "gnu++0x";
				CLANG_CXX_LIBRARY = "libc++";
				CLANG_ENABLE_OBJC_ARC = YES;
				CLANG_WARN_CONSTANT_CONVERSION = YES;
				CLANG_WARN_EMPTY_BODY = YES;
				CLANG_WARN_ENUM_CONVERSION = YES;
				CLANG_WARN_INT_CONVERSION = YES;
				CLANG_WARN__DUPLICATE_METHOD_MATCH = YES;
				"CODE_SIGN_IDENTITY[sdk=iphoneos*]" = "iPhone Developer";
				COPY_PHASE_STRIP = YES;
				GCC_C_LANGUAGE_STANDARD = gnu99;
				GCC_WARN_ABOUT_RETURN_TYPE = YES;
				GCC_WARN_UNINITIALIZED_AUTOS = YES;
				GCC_WARN_UNUSED_VARIABLE = YES;
				IPHONEOS_DEPLOYMENT_TARGET = 6.1;
				OTHER_CFLAGS = "-DNS_BLOCK_ASSERTIONS=1";
				SDKROOT = iphoneos;
				VALIDATE_PRODUCT = YES;
			};
			name = Release;
		};
		ACF917491748179C00A2D1D9 /* Debug */ = {
			isa = XCBuildConfiguration;
			buildSettings = {
				GCC_PRECOMPILE_PREFIX_HEADER = YES;
				GCC_PREFIX_HEADER = "Image Scroller/Image Scroller-Prefix.pch";
				INFOPLIST_FILE = "Image Scroller/Image Scroller-Info.plist";
				PRODUCT_NAME = "$(TARGET_NAME)";
				WRAPPER_EXTENSION = app;
			};
			name = Debug;
		};
		ACF9174A1748179C00A2D1D9 /* Release */ = {
			isa = XCBuildConfiguration;
			buildSettings = {
				GCC_PRECOMPILE_PREFIX_HEADER = YES;
				GCC_PREFIX_HEADER = "Image Scroller/Image Scroller-Prefix.pch";
				INFOPLIST_FILE = "Image Scroller/Image Scroller-Info.plist";
				PRODUCT_NAME = "$(TARGET_NAME)";
				WRAPPER_EXTENSION = app;
			};
			name = Release;
		};
/* End XCBuildConfiguration section */

/* Begin XCConfigurationList section */
		ACF917201748179C00A2D1D9 /* Build configuration list for PBXProject "Image Scroller" */ = {
			isa = XCConfigurationList;
			buildConfigurations = (
				ACF917461748179C00A2D1D9 /* Debug */,
				ACF917471748179C00A2D1D9 /* Release */,
			);
			defaultConfigurationIsVisible = 0;
			defaultConfigurationName = Release;
		};
		ACF917481748179C00A2D1D9 /* Build configuration list for PBXNativeTarget "Image Scroller" */ = {
			isa = XCConfigurationList;
			buildConfigurations = (
				ACF917491748179C00A2D1D9 /* Debug */,
				ACF9174A1748179C00A2D1D9 /* Release */,
			);
			defaultConfigurationIsVisible = 0;
		};
/* End XCConfigurationList section */
	};
	rootObject = ACF9171D1748179C00A2D1D9 /* Project object */;
}
